
Microsoft Visual Studio Solution File, Format Version 12.00
# Visual Studio Version 16
VisualStudioVersion = 16.0.29503.13
MinimumVisualStudioVersion = 10.0.40219.1
Project("{FAE04EC0-301F-11D3-BF4B-00C04F79EFBC}") = "HolaMundo", "HolaMundo\HolaMundo.csproj", "{743E969C-773F-48CC-976B-8C66C99BF151}"
EndProject
Global
	GlobalSection(SolutionConfigurationPlatforms) = preSolution
		Debug|Any CPU = Debug|Any CPU
		Release|Any CPU = Release|Any CPU
	EndGlobalSection
	GlobalSection(ProjectConfigurationPlatforms) = postSolution
		{743E969C-773F-48CC-976B-8C66C99BF151}.Debug|Any CPU.ActiveCfg = Debug|Any CPU
		{743E969C-773F-48CC-976B-8C66C99BF151}.Debug|Any CPU.Build.0 = Debug|Any CPU
		{743E969C-773F-48CC-976B-8C66C99BF151}.Release|Any CPU.ActiveCfg = Release|Any CPU
		{743E969C-773F-48CC-976B-8C66C99BF151}.Release|Any CPU.Build.0 = Release|Any CPU
	EndGlobalSection
	GlobalSection(SolutionProperties) = preSolution
		HideSolutionNode = FALSE
	EndGlobalSection
	GlobalSection(ExtensibilityGlobals) = postSolution
		SolutionGuid = {33D34E73-170D-454B-AF28-E64A019CC23D}
	EndGlobalSection
EndGlobal
